{
  "name": "fakapi",
  "version": "1.0.0",
  "lockfileVersion": 3,
  "requires": true,
  "packages": {
    "": {
      "name": "fakapi",
      "version": "1.0.0",
      "license": "ISC",
      "devDependencies": {
        "@faker-js/faker": "8.0.1",
        "@ivangabriele/prettier-config": "3.1.0",
        "prettier": "2.8.8"
      }
    },
    "node_modules/@faker-js/faker": {
      "version": "8.0.1",
      "resolved": "https://registry.npmjs.org/@faker-js/faker/-/faker-8.0.1.tgz",
      "integrity": "sha512-kbh5MenpTN9U0B4QcOI1NoTPlZHniSYQ3BHbhAnPjJGAmmFqxoxTE4sGdpy7ZOO9038DPGCuhXyMkjOr05uVwA==",
      "dev": true,
      "funding": [
        {
          "type": "opencollective",
          "url": "https://opencollective.com/fakerjs"
        }
      ],
      "engines": {
        "node": "^14.17.0 || ^16.13.0 || >=18.0.0",
        "npm": ">=6.14.13"
      }
    },
    "node_modules/@ivangabriele/prettier-config": {
      "version": "3.1.0",
      "resolved": "https://registry.npmjs.org/@ivangabriele/prettier-config/-/prettier-config-3.1.0.tgz",
      "integrity": "sha512-Pf7z7UDFa9P+otKGgUXokeWO8AgqLDs5O2vOejx+wVvX5nF096GJfYIhbYCXbkLUV4+fo8qsw6rTtXo7utadsw==",
      "dev": true,
      "peerDependencies": {
        "prettier": "^2.0.0"
      }
    },
    "node_modules/prettier": {
      "version": "2.8.8",
      "resolved": "https://registry.npmjs.org/prettier/-/prettier-2.8.8.tgz",
      "integrity": "sha512-tdN8qQGvNjw4CHbY+XXk0JgCXn9QiF21a55rBe5LJAU+kDyC4WQn4+awm2Xfk2lQMk5fKup9XgzTZtGkjBdP9Q==",
      "dev": true,
      "bin": {
        "prettier": "bin-prettier.js"
      },
      "engines": {
        "node": ">=10.13.0"
      },
      "funding": {
        "url": "https://github.com/prettier/prettier?sponsor=1"
      }
    }
  }
}
